// !$*UTF8*$!
{
	archiveVersion = 1;
	classes = {
	};
	objectVersion = 55;
	objects = {

/* Begin PBXBuildFile section */
		E95FE063280558C4006C1960 /* eLockApp.swift in Sources */ = {isa = PBXBuildFile; fileRef = E95FE062280558C4006C1960 /* eLockApp.swift */; };
		E95FE065280558C4006C1960 /* ContentView.swift in Sources */ = {isa = PBXBuildFile; fileRef = E95FE064280558C4006C1960 /* ContentView.swift */; };
		E95FE067280558C5006C1960 /* Assets.xcassets in Resources */ = {isa = PBXBuildFile; fileRef = E95FE066280558C5006C1960 /* Assets.xcassets */; };
		E95FE06A280558C5006C1960 /* Preview Assets.xcassets in Resources */ = {isa = PBXBuildFile; fileRef = E95FE069280558C5006C1960 /* Preview Assets.xcassets */; };
		E95FE074280558C5006C1960 /* eLockTests.swift in Sources */ = {isa = PBXBuildFile; fileRef = E95FE073280558C5006C1960 /* eLockTests.swift */; };
		E95FE07E280558C5006C1960 /* eLockUITests.swift in Sources */ = {isa = PBXBuildFile; fileRef = E95FE07D280558C5006C1960 /* eLockUITests.swift */; };
		E95FE080280558C5006C1960 /* eLockUITestsLaunchTests.swift in Sources */ = {isa = PBXBuildFile; fileRef = E95FE07F280558C5006C1960 /* eLockUITestsLaunchTests.swift */; };
/* End PBXBuildFile section */

/* Begin PBXContainerItemProxy section */
		E95FE070280558C5006C1960 /* PBXContainerItemProxy */ = {
			isa = PBXContainerItemProxy;
			containerPortal = E95FE057280558C4006C1960 /* Project object */;
			proxyType = 1;
			remoteGlobalIDString = E95FE05E280558C4006C1960;
			remoteInfo = eLock;
		};
		E95FE07A280558C5006C1960 /* PBXContainerItemProxy */ = {
			isa = PBXContainerItemProxy;
			containerPortal = E95FE057280558C4006C1960 /* Project object */;
			proxyType = 1;
			remoteGlobalIDString = E95FE05E280558C4006C1960;
			remoteInfo = eLock;
		};
/* End PBXContainerItemProxy section */

/* Begin PBXFileReference section */
		E95FE05F280558C4006C1960 /* eLock.app */ = {isa = PBXFileReference; explicitFileType = wrapper.application; includeInIndex = 0; path = eLock.app; sourceTree = BUILT_PRODUCTS_DIR; };
		E95FE062280558C4006C1960 /* eLockApp.swift */ = {isa = PBXFileReference; lastKnownFileType = sourcecode.swift; path = eLockApp.swift; sourceTree = "<group>"; };
		E95FE064280558C4006C1960 /* ContentView.swift */ = {isa = PBXFileReference; lastKnownFileType = sourcecode.swift; path = ContentView.swift; sourceTree = "<group>"; };
		E95FE066280558C5006C1960 /* Assets.xcassets */ = {isa = PBXFileReference; lastKnownFileType = folder.assetcatalog; path = Assets.xcassets; sourceTree = "<group>"; };
		E95FE069280558C5006C1960 /* Preview Assets.xcassets */ = {isa = PBXFileReference; lastKnownFileType = folder.assetcatalog; path = "Preview Assets.xcassets"; sourceTree = "<group>"; };
		E95FE06F280558C5006C1960 /* eLockTests.xctest */ = {isa = PBXFileReference; explicitFileType = wrapper.cfbundle; includeInIndex = 0; path = eLockTests.xctest; sourceTree = BUILT_PRODUCTS_DIR; };
		E95FE073280558C5006C1960 /* eLockTests.swift */ = {isa = PBXFileReference; lastKnownFileType = sourcecode.swift; path = eLockTests.swift; sourceTree = "<group>"; };
		E95FE079280558C5006C1960 /* eLockUITests.xctest */ = {isa = PBXFileReference; explicitFileType = wrapper.cfbundle; includeInIndex = 0; path = eLockUITests.xctest; sourceTree = BUILT_PRODUCTS_DIR; };
		E95FE07D280558C5006C1960 /* eLockUITests.swift */ = {isa = PBXFileReference; lastKnownFileType = sourcecode.swift; path = eLockUITests.swift; sourceTree = "<group>"; };
		E95FE07F280558C5006C1960 /* eLockUITestsLaunchTests.swift */ = {isa = PBXFileReference; lastKnownFileType = sourcecode.swift; path = eLockUITestsLaunchTests.swift; sourceTree = "<group>"; };
/* End PBXFileReference section */

/* Begin PBXFrameworksBuildPhase section */
		E95FE05C280558C4006C1960 /* Frameworks */ = {
			isa = PBXFrameworksBuildPhase;
			buildActionMask = 2147483647;
			files = (
			);
			runOnlyForDeploymentPostprocessing = 0;
		};
		E95FE06C280558C5006C1960 /* Frameworks */ = {
			isa = PBXFrameworksBuildPhase;
			buildActionMask = 2147483647;
			files = (
			);
			runOnlyForDeploymentPostprocessing = 0;
		};
		E95FE076280558C5006C1960 /* Frameworks */ = {
			isa = PBXFrameworksBuildPhase;
			buildActionMask = 2147483647;
			files = (
			);
			runOnlyForDeploymentPostprocessing = 0;
		};
/* End PBXFrameworksBuildPhase section */

/* Begin PBXGroup section */
		E95FE056280558C4006C1960 = {
			isa = PBXGroup;
			children = (
				E95FE061280558C4006C1960 /* eLock */,
				E95FE072280558C5006C1960 /* eLockTests */,
				E95FE07C280558C5006C1960 /* eLockUITests */,
				E95FE060280558C4006C1960 /* Products */,
			);
			sourceTree = "<group>";
		};
		E95FE060280558C4006C1960 /* Products */ = {
			isa = PBXGroup;
			children = (
				E95FE05F280558C4006C1960 /* eLock.app */,
				E95FE06F280558C5006C1960 /* eLockTests.xctest */,
				E95FE079280558C5006C1960 /* eLockUITests.xctest */,
			);
			name = Products;
			sourceTree = "<group>";
		};
		E95FE061280558C4006C1960 /* eLock */ = {
			isa = PBXGroup;
			children = (
				E95FE062280558C4006C1960 /* eLockApp.swift */,
				E95FE064280558C4006C1960 /* ContentView.swift */,
				E95FE066280558C5006C1960 /* Assets.xcassets */,
				E95FE068280558C5006C1960 /* Preview Content */,
			);
			path = eLock;
			sourceTree = "<group>";
		};
		E95FE068280558C5006C1960 /* Preview Content */ = {
			isa = PBXGroup;
			children = (
				E95FE069280558C5006C1960 /* Preview Assets.xcassets */,
			);
			path = "Preview Content";
			sourceTree = "<group>";
		};
		E95FE072280558C5006C1960 /* eLockTests */ = {
			isa = PBXGroup;
			children = (
				E95FE073280558C5006C1960 /* eLockTests.swift */,
			);
			path = eLockTests;
			sourceTree = "<group>";
		};
		E95FE07C280558C5006C1960 /* eLockUITests */ = {
			isa = PBXGroup;
			children = (
				E95FE07D280558C5006C1960 /* eLockUITests.swift */,
				E95FE07F280558C5006C1960 /* eLockUITestsLaunchTests.swift */,
			);
			path = eLockUITests;
			sourceTree = "<group>";
		};
/* End PBXGroup section */

/* Begin PBXNativeTarget section */
		E95FE05E280558C4006C1960 /* eLock */ = {
			isa = PBXNativeTarget;
			buildConfigurationList = E95FE083280558C5006C1960 /* Build configuration list for PBXNativeTarget "eLock" */;
			buildPhases = (
				E95FE05B280558C4006C1960 /* Sources */,
				E95FE05C280558C4006C1960 /* Frameworks */,
				E95FE05D280558C4006C1960 /* Resources */,
			);
			buildRules = (
			);
			dependencies = (
			);
			name = eLock;
			productName = eLock;
			productReference = E95FE05F280558C4006C1960 /* eLock.app */;
			productType = "com.apple.product-type.application";
		};
		E95FE06E280558C5006C1960 /* eLockTests */ = {
			isa = PBXNativeTarget;
			buildConfigurationList = E95FE086280558C5006C1960 /* Build configuration list for PBXNativeTarget "eLockTests" */;
			buildPhases = (
				E95FE06B280558C5006C1960 /* Sources */,
				E95FE06C280558C5006C1960 /* Frameworks */,
				E95FE06D280558C5006C1960 /* Resources */,
			);
			buildRules = (
			);
			dependencies = (
				E95FE071280558C5006C1960 /* PBXTargetDependency */,
			);
			name = eLockTests;
			productName = eLockTests;
			productReference = E95FE06F280558C5006C1960 /* eLockTests.xctest */;
			productType = "com.apple.product-type.bundle.unit-test";
		};
		E95FE078280558C5006C1960 /* eLockUITests */ = {
			isa = PBXNativeTarget;
			buildConfigurationList = E95FE089280558C5006C1960 /* Build configuration list for PBXNativeTarget "eLockUITests" */;
			buildPhases = (
				E95FE075280558C5006C1960 /* Sources */,
				E95FE076280558C5006C1960 /* Frameworks */,
				E95FE077280558C5006C1960 /* Resources */,
			);
			buildRules = (
			);
			dependencies = (
				E95FE07B280558C5006C1960 /* PBXTargetDependency */,
			);
			name = eLockUITests;
			productName = eLockUITests;
			productReference = E95FE079280558C5006C1960 /* eLockUITests.xctest */;
			productType = "com.apple.product-type.bundle.ui-testing";
		};
/* End PBXNativeTarget section */

/* Begin PBXProject section */
		E95FE057280558C4006C1960 /* Project object */ = {
			isa = PBXProject;
			attributes = {
				BuildIndependentTargetsInParallel = 1;
				LastSwiftUpdateCheck = 1330;
				LastUpgradeCheck = 1330;
				TargetAttributes = {
					E95FE05E280558C4006C1960 = {
						CreatedOnToolsVersion = 13.3;
					};
					E95FE06E280558C5006C1960 = {
						CreatedOnToolsVersion = 13.3;
						TestTargetID = E95FE05E280558C4006C1960;
					};
					E95FE078280558C5006C1960 = {
						CreatedOnToolsVersion = 13.3;
						TestTargetID = E95FE05E280558C4006C1960;
					};
				};
			};
			buildConfigurationList = E95FE05A280558C4006C1960 /* Build configuration list for PBXProject "eLock" */;
			compatibilityVersion = "Xcode 13.0";
			developmentRegion = en;
			hasScannedForEncodings = 0;
			knownRegions = (
				en,
				Base,
			);
			mainGroup = E95FE056280558C4006C1960;
			productRefGroup = E95FE060280558C4006C1960 /* Products */;
			projectDirPath = "";
			projectRoot = "";
			targets = (
				E95FE05E280558C4006C1960 /* eLock */,
				E95FE06E280558C5006C1960 /* eLockTests */,
				E95FE078280558C5006C1960 /* eLockUITests */,
			);
		};
/* End PBXProject section */

/* Begin PBXResourcesBuildPhase section */
		E95FE05D280558C4006C1960 /* Resources */ = {
			isa = PBXResourcesBuildPhase;
			buildActionMask = 2147483647;
			files = (
				E95FE06A280558C5006C1960 /* Preview Assets.xcassets in Resources */,
				E95FE067280558C5006C1960 /* Assets.xcassets in Resources */,
			);
			runOnlyForDeploymentPostprocessing = 0;
		};
		E95FE06D280558C5006C1960 /* Resources */ = {
			isa = PBXResourcesBuildPhase;
			buildActionMask = 2147483647;
			files = (
			);
			runOnlyForDeploymentPostprocessing = 0;
		};
		E95FE077280558C5006C1960 /* Resources */ = {
			isa = PBXResourcesBuildPhase;
			buildActionMask = 2147483647;
			files = (
			);
			runOnlyForDeploymentPostprocessing = 0;
		};
/* End PBXResourcesBuildPhase section */

/* Begin PBXSourcesBuildPhase section */
		E95FE05B280558C4006C1960 /* Sources */ = {
			isa = PBXSourcesBuildPhase;
			buildActionMask = 2147483647;
			files = (
				E95FE065280558C4006C1960 /* ContentView.swift in Sources */,
				E95FE063280558C4006C1960 /* eLockApp.swift in Sources */,
			);
			runOnlyForDeploymentPostprocessing = 0;
		};
		E95FE06B280558C5006C1960 /* Sources */ = {
			isa = PBXSourcesBuildPhase;
			buildActionMask = 2147483647;
			files = (
				E95FE074280558C5006C1960 /* eLockTests.swift in Sources */,
			);
			runOnlyForDeploymentPostprocessing = 0;
		};
		E95FE075280558C5006C1960 /* Sources */ = {
			isa = PBXSourcesBuildPhase;
			buildActionMask = 2147483647;
			files = (
				E95FE07E280558C5006C1960 /* eLockUITests.swift in Sources */,
				E95FE080280558C5006C1960 /* eLockUITestsLaunchTests.swift in Sources */,
			);
			runOnlyForDeploymentPostprocessing = 0;
		};
/* End PBXSourcesBuildPhase section */

/* Begin PBXTargetDependency section */
		E95FE071280558C5006C1960 /* PBXTargetDependency */ = {
			isa = PBXTargetDependency;
			target = E95FE05E280558C4006C1960 /* eLock */;
			targetProxy = E95FE070280558C5006C1960 /* PBXContainerItemProxy */;
		};
		E95FE07B280558C5006C1960 /* PBXTargetDependency */ = {
			isa = PBXTargetDependency;
			target = E95FE05E280558C4006C1960 /* eLock */;
			targetProxy = E95FE07A280558C5006C1960 /* PBXContainerItemProxy */;
		};
/* End PBXTargetDependency section */

/* Begin XCBuildConfiguration section */
		E95FE081280558C5006C1960 /* Debug */ = {
			isa = XCBuildConfiguration;
			buildSettings = {
				ALWAYS_SEARCH_USER_PATHS = NO;
				CLANG_ANALYZER_NONNULL = YES;
				CLANG_ANALYZER_NUMBER_OBJECT_CONVERSION = YES_AGGRESSIVE;
				CLANG_CXX_LANGUAGE_STANDARD = "gnu++17";
				CLANG_ENABLE_MODULES = YES;
				CLANG_ENABLE_OBJC_ARC = YES;
				CLANG_ENABLE_OBJC_WEAK = YES;
				CLANG_WARN_BLOCK_CAPTURE_AUTORELEASING = YES;
				CLANG_WARN_BOOL_CONVERSION = YES;
				CLANG_WARN_COMMA = YES;
				CLANG_WARN_CONSTANT_CONVERSION = YES;
				CLANG_WARN_DEPRECATED_OBJC_IMPLEMENTATIONS = YES;
				CLANG_WARN_DIRECT_OBJC_ISA_USAGE = YES_ERROR;
				CLANG_WARN_DOCUMENTATION_COMMENTS = YES;
				CLANG_WARN_EMPTY_BODY = YES;
				CLANG_WARN_ENUM_CONVERSION = YES;
				CLANG_WARN_INFINITE_RECURSION = YES;
				CLANG_WARN_INT_CONVERSION = YES;
				CLANG_WARN_NON_LITERAL_NULL_CONVERSION = YES;
				CLANG_WARN_OBJC_IMPLICIT_RETAIN_SELF = YES;
				CLANG_WARN_OBJC_LITERAL_CONVERSION = YES;
				CLANG_WARN_OBJC_ROOT_CLASS = YES_ERROR;
				CLANG_WARN_QUOTED_INCLUDE_IN_FRAMEWORK_HEADER = YES;
				CLANG_WARN_RANGE_LOOP_ANALYSIS = YES;
				CLANG_WARN_STRICT_PROTOTYPES = YES;
				CLANG_WARN_SUSPICIOUS_MOVE = YES;
				CLANG_WARN_UNGUARDED_AVAILABILITY = YES_AGGRESSIVE;
				CLANG_WARN_UNREACHABLE_CODE = YES;
				CLANG_WARN__DUPLICATE_METHOD_MATCH = YES;
				COPY_PHASE_STRIP = NO;
				DEBUG_INFORMATION_FORMAT = dwarf;
				ENABLE_STRICT_OBJC_MSGSEND = YES;
				ENABLE_TESTABILITY = YES;
				GCC_C_LANGUAGE_STANDARD = gnu11;
				GCC_DYNAMIC_NO_PIC = NO;
				GCC_NO_COMMON_BLOCKS = YES;
				GCC_OPTIMIZATION_LEVEL = 0;
				GCC_PREPROCESSOR_DEFINITIONS = (
					"DEBUG=1",
					"$(inherited)",
				);
				GCC_WARN_64_TO_32_BIT_CONVERSION = YES;
				GCC_WARN_ABOUT_RETURN_TYPE = YES_ERROR;
				GCC_WARN_UNDECLARED_SELECTOR = YES;
				GCC_WARN_UNINITIALIZED_AUTOS = YES_AGGRESSIVE;
				GCC_WARN_UNUSED_FUNCTION = YES;
				GCC_WARN_UNUSED_VARIABLE = YES;
				IPHONEOS_DEPLOYMENT_TARGET = 15.4;
				MTL_ENABLE_DEBUG_INFO = INCLUDE_SOURCE;
				MTL_FAST_MATH = YES;
				ONLY_ACTIVE_ARCH = YES;
				SDKROOT = iphoneos;
				SWIFT_ACTIVE_COMPILATION_CONDITIONS = DEBUG;
				SWIFT_OPTIMIZATION_LEVEL = "-Onone";
			};
			name = Debug;
		};
		E95FE082280558C5006C1960 /* Release */ = {
			isa = XCBuildConfiguration;
			buildSettings = {
				ALWAYS_SEARCH_USER_PATHS = NO;
				CLANG_ANALYZER_NONNULL = YES;
				CLANG_ANALYZER_NUMBER_OBJECT_CONVERSION = YES_AGGRESSIVE;
				CLANG_CXX_LANGUAGE_STANDARD = "gnu++17";
				CLANG_ENABLE_MODULES = YES;
				CLANG_ENABLE_OBJC_ARC = YES;
				CLANG_ENABLE_OBJC_WEAK = YES;
				CLANG_WARN_BLOCK_CAPTURE_AUTORELEASING = YES;
				CLANG_WARN_BOOL_CONVERSION = YES;
				CLANG_WARN_COMMA = YES;
				CLANG_WARN_CONSTANT_CONVERSION = YES;
				CLANG_WARN_DEPRECATED_OBJC_IMPLEMENTATIONS = YES;
				CLANG_WARN_DIRECT_OBJC_ISA_USAGE = YES_ERROR;
				CLANG_WARN_DOCUMENTATION_COMMENTS = YES;
				CLANG_WARN_EMPTY_BODY = YES;
				CLANG_WARN_ENUM_CONVERSION = YES;
				CLANG_WARN_INFINITE_RECURSION = YES;
				CLANG_WARN_INT_CONVERSION = YES;
				CLANG_WARN_NON_LITERAL_NULL_CONVERSION = YES;
				CLANG_WARN_OBJC_IMPLICIT_RETAIN_SELF = YES;
				CLANG_WARN_OBJC_LITERAL_CONVERSION = YES;
				CLANG_WARN_OBJC_ROOT_CLASS = YES_ERROR;
				CLANG_WARN_QUOTED_INCLUDE_IN_FRAMEWORK_HEADER = YES;
				CLANG_WARN_RANGE_LOOP_ANALYSIS = YES;
				CLANG_WARN_STRICT_PROTOTYPES = YES;
				CLANG_WARN_SUSPICIOUS_MOVE = YES;
				CLANG_WARN_UNGUARDED_AVAILABILITY = YES_AGGRESSIVE;
				CLANG_WARN_UNREACHABLE_CODE = YES;
				CLANG_WARN__DUPLICATE_METHOD_MATCH = YES;
				COPY_PHASE_STRIP = NO;
				DEBUG_INFORMATION_FORMAT = "dwarf-with-dsym";
				ENABLE_NS_ASSERTIONS = NO;
				ENABLE_STRICT_OBJC_MSGSEND = YES;
				GCC_C_LANGUAGE_STANDARD = gnu11;
				GCC_NO_COMMON_BLOCKS = YES;
				GCC_WARN_64_TO_32_BIT_CONVERSION = YES;
				GCC_WARN_ABOUT_RETURN_TYPE = YES_ERROR;
				GCC_WARN_UNDECLARED_SELECTOR = YES;
				GCC_WARN_UNINITIALIZED_AUTOS = YES_AGGRESSIVE;
				GCC_WARN_UNUSED_FUNCTION = YES;
				GCC_WARN_UNUSED_VARIABLE = YES;
				IPHONEOS_DEPLOYMENT_TARGET = 15.4;
				MTL_ENABLE_DEBUG_INFO = NO;
				MTL_FAST_MATH = YES;
				SDKROOT = iphoneos;
				SWIFT_COMPILATION_MODE = wholemodule;
				SWIFT_OPTIMIZATION_LEVEL = "-O";
				VALIDATE_PRODUCT = YES;
			};
			name = Release;
		};
		E95FE084280558C5006C1960 /* Debug */ = {
			isa = XCBuildConfiguration;
			buildSettings = {
				ASSETCATALOG_COMPILER_APPICON_NAME = AppIcon;
				ASSETCATALOG_COMPILER_GLOBAL_ACCENT_COLOR_NAME = AccentColor;
				CODE_SIGN_STYLE = Automatic;
				CURRENT_PROJECT_VERSION = 1;
				DEVELOPMENT_ASSET_PATHS = "\"eLock/Preview Content\"";
				ENABLE_PREVIEWS = YES;
				GENERATE_INFOPLIST_FILE = YES;
				INFOPLIST_KEY_UIApplicationSceneManifest_Generation = YES;
				INFOPLIST_KEY_UIApplicationSupportsIndirectInputEvents = YES;
				INFOPLIST_KEY_UILaunchScreen_Generation = YES;
				INFOPLIST_KEY_UISupportedInterfaceOrientations_iPad = "UIInterfaceOrientationPortrait UIInterfaceOrientationPortraitUpsideDown UIInterfaceOrientationLandscapeLeft UIInterfaceOrientationLandscapeRight";
				INFOPLIST_KEY_UISupportedInterfaceOrientations_iPhone = "UIInterfaceOrientationPortrait UIInterfaceOrientationLandscapeLeft UIInterfaceOrientationLandscapeRight";
				LD_RUNPATH_SEARCH_PATHS = (
					"$(inherited)",
					"@executable_path/Frameworks",
				);
				MARKETING_VERSION = 1.0;
				PRODUCT_BUNDLE_IDENTIFIER = com.psb.c2.eLock;
				PRODUCT_NAME = "$(TARGET_NAME)";
				SWIFT_EMIT_LOC_STRINGS = YES;
				SWIFT_VERSION = 5.0;
				TARGETED_DEVICE_FAMILY = "1,2";
			};
			name = Debug;
		};
		E95FE085280558C5006C1960 /* Release */ = {
			isa = XCBuildConfiguration;
			buildSettings = {
				ASSETCATALOG_COMPILER_APPICON_NAME = AppIcon;
				ASSETCATALOG_COMPILER_GLOBAL_ACCENT_COLOR_NAME = AccentColor;
				CODE_SIGN_STYLE = Automatic;
				CURRENT_PROJECT_VERSION = 1;
				DEVELOPMENT_ASSET_PATHS = "\"eLock/Preview Content\"";
				ENABLE_PREVIEWS = YES;
				GENERATE_INFOPLIST_FILE = YES;
				INFOPLIST_KEY_UIApplicationSceneManifest_Generation = YES;
				INFOPLIST_KEY_UIApplicationSupportsIndirectInputEvents = YES;
				INFOPLIST_KEY_UILaunchScreen_Generation = YES;
				INFOPLIST_KEY_UISupportedInterfaceOrientations_iPad = "UIInterfaceOrientationPortrait UIInterfaceOrientationPortraitUpsideDown UIInterfaceOrientationLandscapeLeft UIInterfaceOrientationLandscapeRight";
				INFOPLIST_KEY_UISupportedInterfaceOrientations_iPhone = "UIInterfaceOrientationPortrait UIInterfaceOrientationLandscapeLeft UIInterfaceOrientationLandscapeRight";
				LD_RUNPATH_SEARCH_PATHS = (
					"$(inherited)",
					"@executable_path/Frameworks",
				);
				MARKETING_VERSION = 1.0;
				PRODUCT_BUNDLE_IDENTIFIER = com.psb.c2.eLock;
				PRODUCT_NAME = "$(TARGET_NAME)";
				SWIFT_EMIT_LOC_STRINGS = YES;
				SWIFT_VERSION = 5.0;
				TARGETED_DEVICE_FAMILY = "1,2";
			};
			name = Release;
		};
		E95FE087280558C5006C1960 /* Debug */ = {
			isa = XCBuildConfiguration;
			buildSettings = {
				ALWAYS_EMBED_SWIFT_STANDARD_LIBRARIES = YES;
				BUNDLE_LOADER = "$(TEST_HOST)";
				CODE_SIGN_STYLE = Automatic;
				CURRENT_PROJECT_VERSION = 1;
				GENERATE_INFOPLIST_FILE = YES;
				IPHONEOS_DEPLOYMENT_TARGET = 15.4;
				MARKETING_VERSION = 1.0;
				PRODUCT_BUNDLE_IDENTIFIER = com.psb.c2.eLockTests;
				PRODUCT_NAME = "$(TARGET_NAME)";
				SWIFT_EMIT_LOC_STRINGS = NO;
				SWIFT_VERSION = 5.0;
				TARGETED_DEVICE_FAMILY = "1,2";
				TEST_HOST = "$(BUILT_PRODUCTS_DIR)/eLock.app/eLock";
			};
			name = Debug;
		};
		E95FE088280558C5006C1960 /* Release */ = {
			isa = XCBuildConfiguration;
			buildSettings = {
				ALWAYS_EMBED_SWIFT_STANDARD_LIBRARIES = YES;
				BUNDLE_LOADER = "$(TEST_HOST)";
				CODE_SIGN_STYLE = Automatic;
				CURRENT_PROJECT_VERSION = 1;
				GENERATE_INFOPLIST_FILE = YES;
				IPHONEOS_DEPLOYMENT_TARGET = 15.4;
				MARKETING_VERSION = 1.0;
				PRODUCT_BUNDLE_IDENTIFIER = com.psb.c2.eLockTests;
				PRODUCT_NAME = "$(TARGET_NAME)";
				SWIFT_EMIT_LOC_STRINGS = NO;
				SWIFT_VERSION = 5.0;
				TARGETED_DEVICE_FAMILY = "1,2";
				TEST_HOST = "$(BUILT_PRODUCTS_DIR)/eLock.app/eLock";
			};
			name = Release;
		};
		E95FE08A280558C5006C1960 /* Debug */ = {
			isa = XCBuildConfiguration;
			buildSettings = {
				ALWAYS_EMBED_SWIFT_STANDARD_LIBRARIES = YES;
				CODE_SIGN_STYLE = Automatic;
				CURRENT_PROJECT_VERSION = 1;
				GENERATE_INFOPLIST_FILE = YES;
				MARKETING_VERSION = 1.0;
				PRODUCT_BUNDLE_IDENTIFIER = com.psb.c2.eLockUITests;
				PRODUCT_NAME = "$(TARGET_NAME)";
				SWIFT_EMIT_LOC_STRINGS = NO;
				SWIFT_VERSION = 5.0;
				TARGETED_DEVICE_FAMILY = "1,2";
				TEST_TARGET_NAME = eLock;
			};
			name = Debug;
		};
		E95FE08B280558C5006C1960 /* Release */ = {
			isa = XCBuildConfiguration;
			buildSettings = {
				ALWAYS_EMBED_SWIFT_STANDARD_LIBRARIES = YES;
				CODE_SIGN_STYLE = Automatic;
				CURRENT_PROJECT_VERSION = 1;
				GENERATE_INFOPLIST_FILE = YES;
				MARKETING_VERSION = 1.0;
				PRODUCT_BUNDLE_IDENTIFIER = com.psb.c2.eLockUITests;
				PRODUCT_NAME = "$(TARGET_NAME)";
				SWIFT_EMIT_LOC_STRINGS = NO;
				SWIFT_VERSION = 5.0;
				TARGETED_DEVICE_FAMILY = "1,2";
				TEST_TARGET_NAME = eLock;
			};
			name = Release;
		};
/* End XCBuildConfiguration section */

/* Begin XCConfigurationList section */
		E95FE05A280558C4006C1960 /* Build configuration list for PBXProject "eLock" */ = {
			isa = XCConfigurationList;
			buildConfigurations = (
				E95FE081280558C5006C1960 /* Debug */,
				E95FE082280558C5006C1960 /* Release */,
			);
			defaultConfigurationIsVisible = 0;
			defaultConfigurationName = Release;
		};
		E95FE083280558C5006C1960 /* Build configuration list for PBXNativeTarget "eLock" */ = {
			isa = XCConfigurationList;
			buildConfigurations = (
				E95FE084280558C5006C1960 /* Debug */,
				E95FE085280558C5006C1960 /* Release */,
			);
			defaultConfigurationIsVisible = 0;
			defaultConfigurationName = Release;
		};
		E95FE086280558C5006C1960 /* Build configuration list for PBXNativeTarget "eLockTests" */ = {
			isa = XCConfigurationList;
			buildConfigurations = (
				E95FE087280558C5006C1960 /* Debug */,
				E95FE088280558C5006C1960 /* Release */,
			);
			defaultConfigurationIsVisible = 0;
			defaultConfigurationName = Release;
		};
		E95FE089280558C5006C1960 /* Build configuration list for PBXNativeTarget "eLockUITests" */ = {
			isa = XCConfigurationList;
			buildConfigurations = (
				E95FE08A280558C5006C1960 /* Debug */,
				E95FE08B280558C5006C1960 /* Release */,
			);
			defaultConfigurationIsVisible = 0;
			defaultConfigurationName = Release;
		};
/* End XCConfigurationList section */
	};
	rootObject = E95FE057280558C4006C1960 /* Project object */;
}
